
Microsoft Visual Studio Solution File, Format Version 12.00
# Visual Studio Version 16
VisualStudioVersion = 16.0.30523.141
MinimumVisualStudioVersion = 10.0.40219.1
Project("{888888A0-9F3D-457C-B088-3A5042F75D52}") = "math 3", "math 3.pyproj", "{A40ABD6A-1A77-4FCC-9066-BF404994E2BB}"
EndProject
Global
	GlobalSection(SolutionConfigurationPlatforms) = preSolution
		Debug|Any CPU = Debug|Any CPU
		Release|Any CPU = Release|Any CPU
	EndGlobalSection
	GlobalSection(ProjectConfigurationPlatforms) = postSolution
		{A40ABD6A-1A77-4FCC-9066-BF404994E2BB}.Debug|Any CPU.ActiveCfg = Debug|Any CPU
		{A40ABD6A-1A77-4FCC-9066-BF404994E2BB}.Release|Any CPU.ActiveCfg = Release|Any CPU
	EndGlobalSection
	GlobalSection(SolutionProperties) = preSolution
		HideSolutionNode = FALSE
	EndGlobalSection
	GlobalSection(ExtensibilityGlobals) = postSolution
		SolutionGuid = {2FA71735-1BA2-4DBC-AD90-C8031DFD699F}
	EndGlobalSection
EndGlobal
