
Microsoft Visual Studio Solution File, Format Version 12.00
# Visual Studio Version 16
VisualStudioVersion = 16.0.30611.23
MinimumVisualStudioVersion = 10.0.40219.1
Project("{888888A0-9F3D-457C-B088-3A5042F75D52}") = "math 5", "math 5.pyproj", "{8480BE1C-E534-42EA-A35A-C0B2CB48A789}"
EndProject
Global
	GlobalSection(SolutionConfigurationPlatforms) = preSolution
		Debug|Any CPU = Debug|Any CPU
		Release|Any CPU = Release|Any CPU
	EndGlobalSection
	GlobalSection(ProjectConfigurationPlatforms) = postSolution
		{8480BE1C-E534-42EA-A35A-C0B2CB48A789}.Debug|Any CPU.ActiveCfg = Debug|Any CPU
		{8480BE1C-E534-42EA-A35A-C0B2CB48A789}.Release|Any CPU.ActiveCfg = Release|Any CPU
	EndGlobalSection
	GlobalSection(SolutionProperties) = preSolution
		HideSolutionNode = FALSE
	EndGlobalSection
	GlobalSection(ExtensibilityGlobals) = postSolution
		SolutionGuid = {3A723E29-F5CE-44AB-A96E-089C78E18A13}
	EndGlobalSection
EndGlobal
