
Microsoft Visual Studio Solution File, Format Version 12.00
# Visual Studio Version 16
VisualStudioVersion = 16.0.30611.23
MinimumVisualStudioVersion = 10.0.40219.1
Project("{888888A0-9F3D-457C-B088-3A5042F75D52}") = "math 5.1", "math 5.1.pyproj", "{37FB467B-0F01-40D5-AAF8-7630B0AA2318}"
EndProject
Global
	GlobalSection(SolutionConfigurationPlatforms) = preSolution
		Debug|Any CPU = Debug|Any CPU
		Release|Any CPU = Release|Any CPU
	EndGlobalSection
	GlobalSection(ProjectConfigurationPlatforms) = postSolution
		{37FB467B-0F01-40D5-AAF8-7630B0AA2318}.Debug|Any CPU.ActiveCfg = Debug|Any CPU
		{37FB467B-0F01-40D5-AAF8-7630B0AA2318}.Release|Any CPU.ActiveCfg = Release|Any CPU
	EndGlobalSection
	GlobalSection(SolutionProperties) = preSolution
		HideSolutionNode = FALSE
	EndGlobalSection
	GlobalSection(ExtensibilityGlobals) = postSolution
		SolutionGuid = {A4ED412C-4A17-4D86-BBD9-A248E20D35DF}
	EndGlobalSection
EndGlobal
